
Microsoft Visual Studio Solution File, Format Version 12.00
# Visual Studio Version 16
VisualStudioVersion = 16.0.31515.178
MinimumVisualStudioVersion = 10.0.40219.1
Project("{9A19103F-16F7-4668-BE54-9A1E7A4F7556}") = "CursoAPI", "CursoAPI\CursoAPI.csproj", "{04F800FE-81DC-40DB-B8A2-FE6F56B97A79}"
EndProject
Project("{9A19103F-16F7-4668-BE54-9A1E7A4F7556}") = "Cursotest", "Cursotest\Cursotest.csproj", "{A225358E-C41C-4CAC-AFE8-93B31BE98FDF}"
EndProject
Project("{9A19103F-16F7-4668-BE54-9A1E7A4F7556}") = "PadraoMVC", "PadraoMVC\PadraoMVC.csproj", "{BB5517DD-3D3F-4542-811E-3A6894067D77}"
EndProject
Global
	GlobalSection(SolutionConfigurationPlatforms) = preSolution
		Debug|Any CPU = Debug|Any CPU
		Release|Any CPU = Release|Any CPU
	EndGlobalSection
	GlobalSection(ProjectConfigurationPlatforms) = postSolution
		{04F800FE-81DC-40DB-B8A2-FE6F56B97A79}.Debug|Any CPU.ActiveCfg = Debug|Any CPU
		{04F800FE-81DC-40DB-B8A2-FE6F56B97A79}.Debug|Any CPU.Build.0 = Debug|Any CPU
		{04F800FE-81DC-40DB-B8A2-FE6F56B97A79}.Release|Any CPU.ActiveCfg = Release|Any CPU
		{04F800FE-81DC-40DB-B8A2-FE6F56B97A79}.Release|Any CPU.Build.0 = Release|Any CPU
		{A225358E-C41C-4CAC-AFE8-93B31BE98FDF}.Debug|Any CPU.ActiveCfg = Debug|Any CPU
		{A225358E-C41C-4CAC-AFE8-93B31BE98FDF}.Debug|Any CPU.Build.0 = Debug|Any CPU
		{A225358E-C41C-4CAC-AFE8-93B31BE98FDF}.Release|Any CPU.ActiveCfg = Release|Any CPU
		{A225358E-C41C-4CAC-AFE8-93B31BE98FDF}.Release|Any CPU.Build.0 = Release|Any CPU
		{BB5517DD-3D3F-4542-811E-3A6894067D77}.Debug|Any CPU.ActiveCfg = Debug|Any CPU
		{BB5517DD-3D3F-4542-811E-3A6894067D77}.Debug|Any CPU.Build.0 = Debug|Any CPU
		{BB5517DD-3D3F-4542-811E-3A6894067D77}.Release|Any CPU.ActiveCfg = Release|Any CPU
		{BB5517DD-3D3F-4542-811E-3A6894067D77}.Release|Any CPU.Build.0 = Release|Any CPU
	EndGlobalSection
	GlobalSection(SolutionProperties) = preSolution
		HideSolutionNode = FALSE
	EndGlobalSection
	GlobalSection(ExtensibilityGlobals) = postSolution
		SolutionGuid = {330CDE79-58E2-41D9-9454-C09BD77FAC18}
	EndGlobalSection
EndGlobal
